
Microsoft Visual Studio Solution File, Format Version 11.00
# Visual Studio 2010
Project("{FAE04EC0-301F-11D3-BF4B-00C04F79EFBC}") = "Gods.Foundation", "..\Gods.Foundation\Gods.Foundation.csproj", "{5AA9AA8A-6E27-475A-BDB3-8861DDD860E6}"
EndProject
Project("{FAE04EC0-301F-11D3-BF4B-00C04F79EFBC}") = "Demo01_WindowStyle", "Demo01\Demo01_WindowStyle.csproj", "{72B00134-0087-4A53-8D99-95C6F3652517}"
EndProject
Project("{FAE04EC0-301F-11D3-BF4B-00C04F79EFBC}") = "Demo02_TabControl_Template", "Demo2\Demo02_TabControl_Template.csproj", "{AAFB730C-C9C6-460C-BC75-4EE118A6C0F0}"
EndProject
Project("{FAE04EC0-301F-11D3-BF4B-00C04F79EFBC}") = "Demo03", "Demo03\Demo03.csproj", "{40D852D9-252B-48C4-B620-EBDC6C519854}"
EndProject
Project("{FAE04EC0-301F-11D3-BF4B-00C04F79EFBC}") = "Demo04", "Demo04\Demo04.csproj", "{C8626765-C612-4722-B700-C92474F68D55}"
EndProject
Project("{FAE04EC0-301F-11D3-BF4B-00C04F79EFBC}") = "Demo05_Controls", "Demo05\Demo05_Controls.csproj", "{524EBD51-2677-4034-9A86-4F528CE84ACF}"
EndProject
Global
	GlobalSection(SolutionConfigurationPlatforms) = preSolution
		Debug|Any CPU = Debug|Any CPU
		Debug|Mixed Platforms = Debug|Mixed Platforms
		Debug|x86 = Debug|x86
		Release|Any CPU = Release|Any CPU
		Release|Mixed Platforms = Release|Mixed Platforms
		Release|x86 = Release|x86
	EndGlobalSection
	GlobalSection(ProjectConfigurationPlatforms) = postSolution
		{5AA9AA8A-6E27-475A-BDB3-8861DDD860E6}.Debug|Any CPU.ActiveCfg = Debug|Any CPU
		{5AA9AA8A-6E27-475A-BDB3-8861DDD860E6}.Debug|Any CPU.Build.0 = Debug|Any CPU
		{5AA9AA8A-6E27-475A-BDB3-8861DDD860E6}.Debug|Mixed Platforms.ActiveCfg = Debug|Any CPU
		{5AA9AA8A-6E27-475A-BDB3-8861DDD860E6}.Debug|Mixed Platforms.Build.0 = Debug|Any CPU
		{5AA9AA8A-6E27-475A-BDB3-8861DDD860E6}.Debug|x86.ActiveCfg = Debug|Any CPU
		{5AA9AA8A-6E27-475A-BDB3-8861DDD860E6}.Release|Any CPU.ActiveCfg = Release|Any CPU
		{5AA9AA8A-6E27-475A-BDB3-8861DDD860E6}.Release|Any CPU.Build.0 = Release|Any CPU
		{5AA9AA8A-6E27-475A-BDB3-8861DDD860E6}.Release|Mixed Platforms.ActiveCfg = Release|Any CPU
		{5AA9AA8A-6E27-475A-BDB3-8861DDD860E6}.Release|Mixed Platforms.Build.0 = Release|Any CPU
		{5AA9AA8A-6E27-475A-BDB3-8861DDD860E6}.Release|x86.ActiveCfg = Release|Any CPU
		{72B00134-0087-4A53-8D99-95C6F3652517}.Debug|Any CPU.ActiveCfg = Debug|x86
		{72B00134-0087-4A53-8D99-95C6F3652517}.Debug|Mixed Platforms.ActiveCfg = Debug|x86
		{72B00134-0087-4A53-8D99-95C6F3652517}.Debug|Mixed Platforms.Build.0 = Debug|x86
		{72B00134-0087-4A53-8D99-95C6F3652517}.Debug|x86.ActiveCfg = Debug|x86
		{72B00134-0087-4A53-8D99-95C6F3652517}.Debug|x86.Build.0 = Debug|x86
		{72B00134-0087-4A53-8D99-95C6F3652517}.Release|Any CPU.ActiveCfg = Release|x86
		{72B00134-0087-4A53-8D99-95C6F3652517}.Release|Mixed Platforms.ActiveCfg = Release|x86
		{72B00134-0087-4A53-8D99-95C6F3652517}.Release|Mixed Platforms.Build.0 = Release|x86
		{72B00134-0087-4A53-8D99-95C6F3652517}.Release|x86.ActiveCfg = Release|x86
		{72B00134-0087-4A53-8D99-95C6F3652517}.Release|x86.Build.0 = Release|x86
		{AAFB730C-C9C6-460C-BC75-4EE118A6C0F0}.Debug|Any CPU.ActiveCfg = Debug|x86
		{AAFB730C-C9C6-460C-BC75-4EE118A6C0F0}.Debug|Mixed Platforms.ActiveCfg = Debug|x86
		{AAFB730C-C9C6-460C-BC75-4EE118A6C0F0}.Debug|Mixed Platforms.Build.0 = Debug|x86
		{AAFB730C-C9C6-460C-BC75-4EE118A6C0F0}.Debug|x86.ActiveCfg = Debug|x86
		{AAFB730C-C9C6-460C-BC75-4EE118A6C0F0}.Debug|x86.Build.0 = Debug|x86
		{AAFB730C-C9C6-460C-BC75-4EE118A6C0F0}.Release|Any CPU.ActiveCfg = Release|x86
		{AAFB730C-C9C6-460C-BC75-4EE118A6C0F0}.Release|Mixed Platforms.ActiveCfg = Release|x86
		{AAFB730C-C9C6-460C-BC75-4EE118A6C0F0}.Release|Mixed Platforms.Build.0 = Release|x86
		{AAFB730C-C9C6-460C-BC75-4EE118A6C0F0}.Release|x86.ActiveCfg = Release|x86
		{AAFB730C-C9C6-460C-BC75-4EE118A6C0F0}.Release|x86.Build.0 = Release|x86
		{40D852D9-252B-48C4-B620-EBDC6C519854}.Debug|Any CPU.ActiveCfg = Debug|x86
		{40D852D9-252B-48C4-B620-EBDC6C519854}.Debug|Mixed Platforms.ActiveCfg = Debug|x86
		{40D852D9-252B-48C4-B620-EBDC6C519854}.Debug|Mixed Platforms.Build.0 = Debug|x86
		{40D852D9-252B-48C4-B620-EBDC6C519854}.Debug|x86.ActiveCfg = Debug|x86
		{40D852D9-252B-48C4-B620-EBDC6C519854}.Debug|x86.Build.0 = Debug|x86
		{40D852D9-252B-48C4-B620-EBDC6C519854}.Release|Any CPU.ActiveCfg = Release|x86
		{40D852D9-252B-48C4-B620-EBDC6C519854}.Release|Mixed Platforms.ActiveCfg = Release|x86
		{40D852D9-252B-48C4-B620-EBDC6C519854}.Release|Mixed Platforms.Build.0 = Release|x86
		{40D852D9-252B-48C4-B620-EBDC6C519854}.Release|x86.ActiveCfg = Release|x86
		{40D852D9-252B-48C4-B620-EBDC6C519854}.Release|x86.Build.0 = Release|x86
		{C8626765-C612-4722-B700-C92474F68D55}.Debug|Any CPU.ActiveCfg = Debug|x86
		{C8626765-C612-4722-B700-C92474F68D55}.Debug|Mixed Platforms.ActiveCfg = Debug|x86
		{C8626765-C612-4722-B700-C92474F68D55}.Debug|Mixed Platforms.Build.0 = Debug|x86
		{C8626765-C612-4722-B700-C92474F68D55}.Debug|x86.ActiveCfg = Debug|x86
		{C8626765-C612-4722-B700-C92474F68D55}.Debug|x86.Build.0 = Debug|x86
		{C8626765-C612-4722-B700-C92474F68D55}.Release|Any CPU.ActiveCfg = Release|x86
		{C8626765-C612-4722-B700-C92474F68D55}.Release|Mixed Platforms.ActiveCfg = Release|x86
		{C8626765-C612-4722-B700-C92474F68D55}.Release|Mixed Platforms.Build.0 = Release|x86
		{C8626765-C612-4722-B700-C92474F68D55}.Release|x86.ActiveCfg = Release|x86
		{C8626765-C612-4722-B700-C92474F68D55}.Release|x86.Build.0 = Release|x86
		{524EBD51-2677-4034-9A86-4F528CE84ACF}.Debug|Any CPU.ActiveCfg = Debug|x86
		{524EBD51-2677-4034-9A86-4F528CE84ACF}.Debug|Mixed Platforms.ActiveCfg = Debug|x86
		{524EBD51-2677-4034-9A86-4F528CE84ACF}.Debug|Mixed Platforms.Build.0 = Debug|x86
		{524EBD51-2677-4034-9A86-4F528CE84ACF}.Debug|x86.ActiveCfg = Debug|x86
		{524EBD51-2677-4034-9A86-4F528CE84ACF}.Debug|x86.Build.0 = Debug|x86
		{524EBD51-2677-4034-9A86-4F528CE84ACF}.Release|Any CPU.ActiveCfg = Release|x86
		{524EBD51-2677-4034-9A86-4F528CE84ACF}.Release|Mixed Platforms.ActiveCfg = Release|x86
		{524EBD51-2677-4034-9A86-4F528CE84ACF}.Release|Mixed Platforms.Build.0 = Release|x86
		{524EBD51-2677-4034-9A86-4F528CE84ACF}.Release|x86.ActiveCfg = Release|x86
		{524EBD51-2677-4034-9A86-4F528CE84ACF}.Release|x86.Build.0 = Release|x86
	EndGlobalSection
	GlobalSection(SolutionProperties) = preSolution
		HideSolutionNode = FALSE
	EndGlobalSection
EndGlobal
